
Microsoft Visual Studio Solution File, Format Version 12.00
# Visual Studio Version 16
VisualStudioVersion = 16.0.29519.87
MinimumVisualStudioVersion = 10.0.40219.1
Project("{FAE04EC0-301F-11D3-BF4B-00C04F79EFBC}") = "ConsoleApp1", "ConsoleApp1\ConsoleApp1.csproj", "{802E7558-21A2-4A6E-8E4F-759B3FB84B8B}"
EndProject
Global
	GlobalSection(SolutionConfigurationPlatforms) = preSolution
		Debug|Any CPU = Debug|Any CPU
		Release|Any CPU = Release|Any CPU
	EndGlobalSection
	GlobalSection(ProjectConfigurationPlatforms) = postSolution
		{802E7558-21A2-4A6E-8E4F-759B3FB84B8B}.Debug|Any CPU.ActiveCfg = Debug|Any CPU
		{802E7558-21A2-4A6E-8E4F-759B3FB84B8B}.Debug|Any CPU.Build.0 = Debug|Any CPU
		{802E7558-21A2-4A6E-8E4F-759B3FB84B8B}.Release|Any CPU.ActiveCfg = Release|Any CPU
		{802E7558-21A2-4A6E-8E4F-759B3FB84B8B}.Release|Any CPU.Build.0 = Release|Any CPU
	EndGlobalSection
	GlobalSection(SolutionProperties) = preSolution
		HideSolutionNode = FALSE
	EndGlobalSection
	GlobalSection(ExtensibilityGlobals) = postSolution
		SolutionGuid = {0927D310-E817-416E-818C-B8302A81AB2A}
	EndGlobalSection
EndGlobal
