
Microsoft Visual Studio Solution File, Format Version 12.00
# Visual Studio Version 16
VisualStudioVersion = 16.0.29709.97
MinimumVisualStudioVersion = 10.0.40219.1
Project("{FAE04EC0-301F-11D3-BF4B-00C04F79EFBC}") = "practica2calculadora", "practica2calculadora.csproj", "{0EF068D2-F34F-4F34-BBE5-9051E739EC06}"
EndProject
Global
	GlobalSection(SolutionConfigurationPlatforms) = preSolution
		Debug|Any CPU = Debug|Any CPU
		depurando|Any CPU = depurando|Any CPU
		Release|Any CPU = Release|Any CPU
	EndGlobalSection
	GlobalSection(ProjectConfigurationPlatforms) = postSolution
		{0EF068D2-F34F-4F34-BBE5-9051E739EC06}.Debug|Any CPU.ActiveCfg = Debug|Any CPU
		{0EF068D2-F34F-4F34-BBE5-9051E739EC06}.Debug|Any CPU.Build.0 = Debug|Any CPU
		{0EF068D2-F34F-4F34-BBE5-9051E739EC06}.depurando|Any CPU.ActiveCfg = depurando|Any CPU
		{0EF068D2-F34F-4F34-BBE5-9051E739EC06}.depurando|Any CPU.Build.0 = depurando|Any CPU
		{0EF068D2-F34F-4F34-BBE5-9051E739EC06}.Release|Any CPU.ActiveCfg = Release|Any CPU
		{0EF068D2-F34F-4F34-BBE5-9051E739EC06}.Release|Any CPU.Build.0 = Release|Any CPU
	EndGlobalSection
	GlobalSection(SolutionProperties) = preSolution
		HideSolutionNode = FALSE
	EndGlobalSection
	GlobalSection(ExtensibilityGlobals) = postSolution
		SolutionGuid = {73636C67-A1CA-44FF-BF5E-BAD1C38448A9}
	EndGlobalSection
EndGlobal
