
Microsoft Visual Studio Solution File, Format Version 12.00
# Visual Studio Version 16
VisualStudioVersion = 16.0.29806.167
MinimumVisualStudioVersion = 10.0.40219.1
Project("{FAE04EC0-301F-11D3-BF4B-00C04F79EFBC}") = "Concersionesdedatos", "Concersionesdedatos\Concersionesdedatos.csproj", "{945F2ABE-0B3F-4179-9D2C-5CEF13B4C192}"
EndProject
Global
	GlobalSection(SolutionConfigurationPlatforms) = preSolution
		Debug|Any CPU = Debug|Any CPU
		Release|Any CPU = Release|Any CPU
	EndGlobalSection
	GlobalSection(ProjectConfigurationPlatforms) = postSolution
		{945F2ABE-0B3F-4179-9D2C-5CEF13B4C192}.Debug|Any CPU.ActiveCfg = Debug|Any CPU
		{945F2ABE-0B3F-4179-9D2C-5CEF13B4C192}.Debug|Any CPU.Build.0 = Debug|Any CPU
		{945F2ABE-0B3F-4179-9D2C-5CEF13B4C192}.Release|Any CPU.ActiveCfg = Release|Any CPU
		{945F2ABE-0B3F-4179-9D2C-5CEF13B4C192}.Release|Any CPU.Build.0 = Release|Any CPU
	EndGlobalSection
	GlobalSection(SolutionProperties) = preSolution
		HideSolutionNode = FALSE
	EndGlobalSection
	GlobalSection(ExtensibilityGlobals) = postSolution
		SolutionGuid = {272729CC-7121-44F0-8B67-86E63B6531F3}
	EndGlobalSection
EndGlobal
