
Microsoft Visual Studio Solution File, Format Version 12.00
# Visual Studio Version 16
VisualStudioVersion = 16.0.29519.87
MinimumVisualStudioVersion = 10.0.40219.1
Project("{FAE04EC0-301F-11D3-BF4B-00C04F79EFBC}") = "repaso", "repaso.csproj", "{F6C59258-8323-4FEC-8DDF-C7F6B3961DF6}"
EndProject
Global
	GlobalSection(SolutionConfigurationPlatforms) = preSolution
		Debug|Any CPU = Debug|Any CPU
		Release|Any CPU = Release|Any CPU
	EndGlobalSection
	GlobalSection(ProjectConfigurationPlatforms) = postSolution
		{F6C59258-8323-4FEC-8DDF-C7F6B3961DF6}.Debug|Any CPU.ActiveCfg = Debug|Any CPU
		{F6C59258-8323-4FEC-8DDF-C7F6B3961DF6}.Debug|Any CPU.Build.0 = Debug|Any CPU
		{F6C59258-8323-4FEC-8DDF-C7F6B3961DF6}.Release|Any CPU.ActiveCfg = Release|Any CPU
		{F6C59258-8323-4FEC-8DDF-C7F6B3961DF6}.Release|Any CPU.Build.0 = Release|Any CPU
	EndGlobalSection
	GlobalSection(SolutionProperties) = preSolution
		HideSolutionNode = FALSE
	EndGlobalSection
	GlobalSection(ExtensibilityGlobals) = postSolution
		SolutionGuid = {B275C267-0D89-441E-8D4A-E10DA9B788FE}
	EndGlobalSection
EndGlobal
